{
  "pins" : [
    {
      "identity" : "purchases-ios-spm",
      "kind" : "remoteSourceControl",
      "location" : "https://github.com/RevenueCat/purchases-ios-spm.git",
      "state" : {
        "revision" : "9f46bb70940087ec9a95b1e9288710bb439549d8",
        "version" : "4.41.1"
      }
    }
  ],
  "version" : 2
}
